
Microsoft Visual Studio Solution File, Format Version 12.00
# Visual Studio Version 17
VisualStudioVersion = 17.8.34316.72
MinimumVisualStudioVersion = 10.0.40219.1
Project("{2150E333-8FDC-42A3-9474-1A3956D46DE8}") = "Behavioral", "Behavioral", "{7295F65F-0DDB-4651-A2BB-BE7CE121A451}"
EndProject
Project("{9A19103F-16F7-4668-BE54-9A1E7A4F7556}") = "ChainOfResponsibility", "ChainOfResponsibility\ChainOfResponsibility.csproj", "{FE291E24-F2F9-437A-813E-8AEFEBB1F76A}"
EndProject
Project("{9A19103F-16F7-4668-BE54-9A1E7A4F7556}") = "Command", "Command\Command.csproj", "{0E4A0747-546E-4631-A030-1F1C46AAE2D4}"
EndProject
Project("{9A19103F-16F7-4668-BE54-9A1E7A4F7556}") = "Iterator", "Iterator\Iterator.csproj", "{E1730A05-69B6-4312-AB78-750D370DD8B4}"
EndProject
Project("{9A19103F-16F7-4668-BE54-9A1E7A4F7556}") = "Mediator", "Mediator\Mediator.csproj", "{6B31243A-9571-48E7-B545-AA9B6A6919D0}"
EndProject
Project("{9A19103F-16F7-4668-BE54-9A1E7A4F7556}") = "Memento", "Memento\Memento.csproj", "{DE90358C-D568-4221-A046-443199E82AFD}"
EndProject
Project("{9A19103F-16F7-4668-BE54-9A1E7A4F7556}") = "Observer", "Observer\Observer.csproj", "{2319F30A-6784-483E-B942-056DFEE6156C}"
EndProject
Project("{9A19103F-16F7-4668-BE54-9A1E7A4F7556}") = "State", "State\State.csproj", "{930D6D30-2F64-47DC-A88D-C805FB6661F5}"
EndProject
Project("{9A19103F-16F7-4668-BE54-9A1E7A4F7556}") = "Strategy", "Strategy\Strategy.csproj", "{E2E765E7-5100-4225-BA21-8F727352F2F0}"
EndProject
Project("{9A19103F-16F7-4668-BE54-9A1E7A4F7556}") = "TemplateMethod", "TemplateMethod\TemplateMethod.csproj", "{B71F08D0-59AC-4503-BDE6-BAA9A6FA94C0}"
EndProject
Project("{9A19103F-16F7-4668-BE54-9A1E7A4F7556}") = "Visitor", "Visitor\Visitor.csproj", "{07C38735-DF84-43E5-8CEC-00EAD0585365}"
EndProject
Project("{2150E333-8FDC-42A3-9474-1A3956D46DE8}") = "Structural", "Structural", "{4B1EA588-76A6-4DDE-8F5F-B6B065567345}"
EndProject
Project("{9A19103F-16F7-4668-BE54-9A1E7A4F7556}") = "Adapter", "Adapter\Adapter.csproj", "{3BF1AC22-FF05-45B0-9FDC-DA804AD2CE42}"
EndProject
Project("{2150E333-8FDC-42A3-9474-1A3956D46DE8}") = "Creational", "Creational", "{92841A46-31D3-4089-B754-3AB7BAF00FDB}"
EndProject
Project("{9A19103F-16F7-4668-BE54-9A1E7A4F7556}") = "FactoryMethod", "FactoryMethod\FactoryMethod.csproj", "{96AA0EDE-A17F-494E-9FB5-13D6D3769D79}"
EndProject
Project("{9A19103F-16F7-4668-BE54-9A1E7A4F7556}") = "AbstractFactory", "AbstractFactory\AbstractFactory.csproj", "{17DA7BAB-4F19-4F12-A39D-59B68FD2C4C1}"
EndProject
Project("{FAE04EC0-301F-11D3-BF4B-00C04F79EFBC}") = "Builder", "Builder\Builder.csproj", "{2D4EA2B7-AF66-4480-9B0F-C9B6F39133C8}"
EndProject
Global
	GlobalSection(SolutionConfigurationPlatforms) = preSolution
		Debug|Any CPU = Debug|Any CPU
		Release|Any CPU = Release|Any CPU
	EndGlobalSection
	GlobalSection(ProjectConfigurationPlatforms) = postSolution
		{FE291E24-F2F9-437A-813E-8AEFEBB1F76A}.Debug|Any CPU.ActiveCfg = Debug|Any CPU
		{FE291E24-F2F9-437A-813E-8AEFEBB1F76A}.Debug|Any CPU.Build.0 = Debug|Any CPU
		{FE291E24-F2F9-437A-813E-8AEFEBB1F76A}.Release|Any CPU.ActiveCfg = Release|Any CPU
		{FE291E24-F2F9-437A-813E-8AEFEBB1F76A}.Release|Any CPU.Build.0 = Release|Any CPU
		{0E4A0747-546E-4631-A030-1F1C46AAE2D4}.Debug|Any CPU.ActiveCfg = Debug|Any CPU
		{0E4A0747-546E-4631-A030-1F1C46AAE2D4}.Debug|Any CPU.Build.0 = Debug|Any CPU
		{0E4A0747-546E-4631-A030-1F1C46AAE2D4}.Release|Any CPU.ActiveCfg = Release|Any CPU
		{0E4A0747-546E-4631-A030-1F1C46AAE2D4}.Release|Any CPU.Build.0 = Release|Any CPU
		{E1730A05-69B6-4312-AB78-750D370DD8B4}.Debug|Any CPU.ActiveCfg = Debug|Any CPU
		{E1730A05-69B6-4312-AB78-750D370DD8B4}.Debug|Any CPU.Build.0 = Debug|Any CPU
		{E1730A05-69B6-4312-AB78-750D370DD8B4}.Release|Any CPU.ActiveCfg = Release|Any CPU
		{E1730A05-69B6-4312-AB78-750D370DD8B4}.Release|Any CPU.Build.0 = Release|Any CPU
		{6B31243A-9571-48E7-B545-AA9B6A6919D0}.Debug|Any CPU.ActiveCfg = Debug|Any CPU
		{6B31243A-9571-48E7-B545-AA9B6A6919D0}.Debug|Any CPU.Build.0 = Debug|Any CPU
		{6B31243A-9571-48E7-B545-AA9B6A6919D0}.Release|Any CPU.ActiveCfg = Release|Any CPU
		{6B31243A-9571-48E7-B545-AA9B6A6919D0}.Release|Any CPU.Build.0 = Release|Any CPU
		{DE90358C-D568-4221-A046-443199E82AFD}.Debug|Any CPU.ActiveCfg = Debug|Any CPU
		{DE90358C-D568-4221-A046-443199E82AFD}.Debug|Any CPU.Build.0 = Debug|Any CPU
		{DE90358C-D568-4221-A046-443199E82AFD}.Release|Any CPU.ActiveCfg = Release|Any CPU
		{DE90358C-D568-4221-A046-443199E82AFD}.Release|Any CPU.Build.0 = Release|Any CPU
		{2319F30A-6784-483E-B942-056DFEE6156C}.Debug|Any CPU.ActiveCfg = Debug|Any CPU
		{2319F30A-6784-483E-B942-056DFEE6156C}.Debug|Any CPU.Build.0 = Debug|Any CPU
		{2319F30A-6784-483E-B942-056DFEE6156C}.Release|Any CPU.ActiveCfg = Release|Any CPU
		{2319F30A-6784-483E-B942-056DFEE6156C}.Release|Any CPU.Build.0 = Release|Any CPU
		{930D6D30-2F64-47DC-A88D-C805FB6661F5}.Debug|Any CPU.ActiveCfg = Debug|Any CPU
		{930D6D30-2F64-47DC-A88D-C805FB6661F5}.Debug|Any CPU.Build.0 = Debug|Any CPU
		{930D6D30-2F64-47DC-A88D-C805FB6661F5}.Release|Any CPU.ActiveCfg = Release|Any CPU
		{930D6D30-2F64-47DC-A88D-C805FB6661F5}.Release|Any CPU.Build.0 = Release|Any CPU
		{E2E765E7-5100-4225-BA21-8F727352F2F0}.Debug|Any CPU.ActiveCfg = Debug|Any CPU
		{E2E765E7-5100-4225-BA21-8F727352F2F0}.Debug|Any CPU.Build.0 = Debug|Any CPU
		{E2E765E7-5100-4225-BA21-8F727352F2F0}.Release|Any CPU.ActiveCfg = Release|Any CPU
		{E2E765E7-5100-4225-BA21-8F727352F2F0}.Release|Any CPU.Build.0 = Release|Any CPU
		{B71F08D0-59AC-4503-BDE6-BAA9A6FA94C0}.Debug|Any CPU.ActiveCfg = Debug|Any CPU
		{B71F08D0-59AC-4503-BDE6-BAA9A6FA94C0}.Debug|Any CPU.Build.0 = Debug|Any CPU
		{B71F08D0-59AC-4503-BDE6-BAA9A6FA94C0}.Release|Any CPU.ActiveCfg = Release|Any CPU
		{B71F08D0-59AC-4503-BDE6-BAA9A6FA94C0}.Release|Any CPU.Build.0 = Release|Any CPU
		{07C38735-DF84-43E5-8CEC-00EAD0585365}.Debug|Any CPU.ActiveCfg = Debug|Any CPU
		{07C38735-DF84-43E5-8CEC-00EAD0585365}.Debug|Any CPU.Build.0 = Debug|Any CPU
		{07C38735-DF84-43E5-8CEC-00EAD0585365}.Release|Any CPU.ActiveCfg = Release|Any CPU
		{07C38735-DF84-43E5-8CEC-00EAD0585365}.Release|Any CPU.Build.0 = Release|Any CPU
		{3BF1AC22-FF05-45B0-9FDC-DA804AD2CE42}.Debug|Any CPU.ActiveCfg = Debug|Any CPU
		{3BF1AC22-FF05-45B0-9FDC-DA804AD2CE42}.Debug|Any CPU.Build.0 = Debug|Any CPU
		{3BF1AC22-FF05-45B0-9FDC-DA804AD2CE42}.Release|Any CPU.ActiveCfg = Release|Any CPU
		{3BF1AC22-FF05-45B0-9FDC-DA804AD2CE42}.Release|Any CPU.Build.0 = Release|Any CPU
		{96AA0EDE-A17F-494E-9FB5-13D6D3769D79}.Debug|Any CPU.ActiveCfg = Debug|Any CPU
		{96AA0EDE-A17F-494E-9FB5-13D6D3769D79}.Debug|Any CPU.Build.0 = Debug|Any CPU
		{96AA0EDE-A17F-494E-9FB5-13D6D3769D79}.Release|Any CPU.ActiveCfg = Release|Any CPU
		{96AA0EDE-A17F-494E-9FB5-13D6D3769D79}.Release|Any CPU.Build.0 = Release|Any CPU
		{17DA7BAB-4F19-4F12-A39D-59B68FD2C4C1}.Debug|Any CPU.ActiveCfg = Debug|Any CPU
		{17DA7BAB-4F19-4F12-A39D-59B68FD2C4C1}.Debug|Any CPU.Build.0 = Debug|Any CPU
		{17DA7BAB-4F19-4F12-A39D-59B68FD2C4C1}.Release|Any CPU.ActiveCfg = Release|Any CPU
		{17DA7BAB-4F19-4F12-A39D-59B68FD2C4C1}.Release|Any CPU.Build.0 = Release|Any CPU
		{2D4EA2B7-AF66-4480-9B0F-C9B6F39133C8}.Debug|Any CPU.ActiveCfg = Debug|Any CPU
		{2D4EA2B7-AF66-4480-9B0F-C9B6F39133C8}.Debug|Any CPU.Build.0 = Debug|Any CPU
		{2D4EA2B7-AF66-4480-9B0F-C9B6F39133C8}.Release|Any CPU.ActiveCfg = Release|Any CPU
		{2D4EA2B7-AF66-4480-9B0F-C9B6F39133C8}.Release|Any CPU.Build.0 = Release|Any CPU
	EndGlobalSection
	GlobalSection(SolutionProperties) = preSolution
		HideSolutionNode = FALSE
	EndGlobalSection
	GlobalSection(NestedProjects) = preSolution
		{FE291E24-F2F9-437A-813E-8AEFEBB1F76A} = {7295F65F-0DDB-4651-A2BB-BE7CE121A451}
		{0E4A0747-546E-4631-A030-1F1C46AAE2D4} = {7295F65F-0DDB-4651-A2BB-BE7CE121A451}
		{E1730A05-69B6-4312-AB78-750D370DD8B4} = {7295F65F-0DDB-4651-A2BB-BE7CE121A451}
		{6B31243A-9571-48E7-B545-AA9B6A6919D0} = {7295F65F-0DDB-4651-A2BB-BE7CE121A451}
		{DE90358C-D568-4221-A046-443199E82AFD} = {7295F65F-0DDB-4651-A2BB-BE7CE121A451}
		{2319F30A-6784-483E-B942-056DFEE6156C} = {7295F65F-0DDB-4651-A2BB-BE7CE121A451}
		{930D6D30-2F64-47DC-A88D-C805FB6661F5} = {7295F65F-0DDB-4651-A2BB-BE7CE121A451}
		{E2E765E7-5100-4225-BA21-8F727352F2F0} = {7295F65F-0DDB-4651-A2BB-BE7CE121A451}
		{B71F08D0-59AC-4503-BDE6-BAA9A6FA94C0} = {7295F65F-0DDB-4651-A2BB-BE7CE121A451}
		{07C38735-DF84-43E5-8CEC-00EAD0585365} = {7295F65F-0DDB-4651-A2BB-BE7CE121A451}
		{3BF1AC22-FF05-45B0-9FDC-DA804AD2CE42} = {4B1EA588-76A6-4DDE-8F5F-B6B065567345}
		{96AA0EDE-A17F-494E-9FB5-13D6D3769D79} = {92841A46-31D3-4089-B754-3AB7BAF00FDB}
		{17DA7BAB-4F19-4F12-A39D-59B68FD2C4C1} = {92841A46-31D3-4089-B754-3AB7BAF00FDB}
		{2D4EA2B7-AF66-4480-9B0F-C9B6F39133C8} = {92841A46-31D3-4089-B754-3AB7BAF00FDB}
	EndGlobalSection
	GlobalSection(ExtensibilityGlobals) = postSolution
		SolutionGuid = {9C22706E-8460-4CA6-9BAA-D729ED6E4B36}
	EndGlobalSection
EndGlobal
